
Microsoft Visual Studio Solution File, Format Version 12.00
# Visual Studio Version 16
VisualStudioVersion = 16.0.31205.134
MinimumVisualStudioVersion = 10.0.40219.1
Project("{FAE04EC0-301F-11D3-BF4B-00C04F79EFBC}") = "Brackets", "Brackets\Brackets.csproj", "{20879BA0-7B6B-4548-81BB-379B2C9435E0}"
EndProject
Project("{FAE04EC0-301F-11D3-BF4B-00C04F79EFBC}") = "BracketTests", "BracketTests\BracketTests.csproj", "{C03D5D67-944D-433F-8297-65D0EAF906D8}"
EndProject
Global
	GlobalSection(SolutionConfigurationPlatforms) = preSolution
		Debug|Any CPU = Debug|Any CPU
		Release|Any CPU = Release|Any CPU
	EndGlobalSection
	GlobalSection(ProjectConfigurationPlatforms) = postSolution
		{20879BA0-7B6B-4548-81BB-379B2C9435E0}.Debug|Any CPU.ActiveCfg = Debug|Any CPU
		{20879BA0-7B6B-4548-81BB-379B2C9435E0}.Debug|Any CPU.Build.0 = Debug|Any CPU
		{20879BA0-7B6B-4548-81BB-379B2C9435E0}.Release|Any CPU.ActiveCfg = Release|Any CPU
		{20879BA0-7B6B-4548-81BB-379B2C9435E0}.Release|Any CPU.Build.0 = Release|Any CPU
		{C03D5D67-944D-433F-8297-65D0EAF906D8}.Debug|Any CPU.ActiveCfg = Debug|Any CPU
		{C03D5D67-944D-433F-8297-65D0EAF906D8}.Debug|Any CPU.Build.0 = Debug|Any CPU
		{C03D5D67-944D-433F-8297-65D0EAF906D8}.Release|Any CPU.ActiveCfg = Release|Any CPU
		{C03D5D67-944D-433F-8297-65D0EAF906D8}.Release|Any CPU.Build.0 = Release|Any CPU
	EndGlobalSection
	GlobalSection(SolutionProperties) = preSolution
		HideSolutionNode = FALSE
	EndGlobalSection
	GlobalSection(ExtensibilityGlobals) = postSolution
		SolutionGuid = {8B5B37FC-3D1E-4780-8367-5CAC1B30DE07}
	EndGlobalSection
EndGlobal
