
Microsoft Visual Studio Solution File, Format Version 12.00
# Visual Studio Version 16
VisualStudioVersion = 16.0.31129.286
MinimumVisualStudioVersion = 10.0.40219.1
Project("{FAE04EC0-301F-11D3-BF4B-00C04F79EFBC}") = "camelCaseChallenge", "camelCaseChallenge\camelCaseChallenge.csproj", "{9FCA7007-3AB9-4EAE-A568-395AA5CC55B7}"
EndProject
Global
	GlobalSection(SolutionConfigurationPlatforms) = preSolution
		Debug|Any CPU = Debug|Any CPU
		Release|Any CPU = Release|Any CPU
	EndGlobalSection
	GlobalSection(ProjectConfigurationPlatforms) = postSolution
		{9FCA7007-3AB9-4EAE-A568-395AA5CC55B7}.Debug|Any CPU.ActiveCfg = Debug|Any CPU
		{9FCA7007-3AB9-4EAE-A568-395AA5CC55B7}.Debug|Any CPU.Build.0 = Debug|Any CPU
		{9FCA7007-3AB9-4EAE-A568-395AA5CC55B7}.Release|Any CPU.ActiveCfg = Release|Any CPU
		{9FCA7007-3AB9-4EAE-A568-395AA5CC55B7}.Release|Any CPU.Build.0 = Release|Any CPU
	EndGlobalSection
	GlobalSection(SolutionProperties) = preSolution
		HideSolutionNode = FALSE
	EndGlobalSection
	GlobalSection(ExtensibilityGlobals) = postSolution
		SolutionGuid = {E019CBF3-F837-457C-B37F-ECDA455095E7}
	EndGlobalSection
EndGlobal
