
Microsoft Visual Studio Solution File, Format Version 12.00
Project("{FAE04EC0-301F-11D3-BF4B-00C04F79EFBC}") = "GroupAndSumItems", "GroupAndSumItems.csproj", "{1CAA7AB6-CB55-414C-8E51-1F74164A693E}"
EndProject
Project("{FAE04EC0-301F-11D3-BF4B-00C04F79EFBC}") = "GroupingAndSummingUnitTests", "GroupingAndSummingUnitTests\GroupingAndSummingUnitTests.csproj", "{C393DCEA-F254-4C0C-9E89-CCF23269D762}"
EndProject
Global
	GlobalSection(SolutionConfigurationPlatforms) = preSolution
		Debug|Any CPU = Debug|Any CPU
		Release|Any CPU = Release|Any CPU
	EndGlobalSection
	GlobalSection(ProjectConfigurationPlatforms) = postSolution
		{1CAA7AB6-CB55-414C-8E51-1F74164A693E}.Debug|Any CPU.ActiveCfg = Debug|Any CPU
		{1CAA7AB6-CB55-414C-8E51-1F74164A693E}.Debug|Any CPU.Build.0 = Debug|Any CPU
		{1CAA7AB6-CB55-414C-8E51-1F74164A693E}.Release|Any CPU.ActiveCfg = Release|Any CPU
		{1CAA7AB6-CB55-414C-8E51-1F74164A693E}.Release|Any CPU.Build.0 = Release|Any CPU
		{C393DCEA-F254-4C0C-9E89-CCF23269D762}.Debug|Any CPU.ActiveCfg = Debug|Any CPU
		{C393DCEA-F254-4C0C-9E89-CCF23269D762}.Debug|Any CPU.Build.0 = Debug|Any CPU
		{C393DCEA-F254-4C0C-9E89-CCF23269D762}.Release|Any CPU.ActiveCfg = Release|Any CPU
		{C393DCEA-F254-4C0C-9E89-CCF23269D762}.Release|Any CPU.Build.0 = Release|Any CPU
	EndGlobalSection
EndGlobal
